
Microsoft Visual Studio Solution File, Format Version 12.00
# Visual Studio Version 17
VisualStudioVersion = 17.11.35312.102
MinimumVisualStudioVersion = 10.0.40219.1
Project("{9A19103F-16F7-4668-BE54-9A1E7A4F7556}") = "ProjetoPo", "ProjetoPo\ProjetoPo.csproj", "{8FBF27FB-A4F2-4133-A9AC-90EB2F0416D4}"
EndProject
Project("{2150E333-8FDC-42A3-9474-1A3956D46DE8}") = "Solution Items", "Solution Items", "{FE075438-0823-4249-9D57-7DF9BA2234F8}"
	ProjectSection(SolutionItems) = preProject
		.editorconfig = .editorconfig
	EndProjectSection
EndProject
Project("{FAE04EC0-301F-11D3-BF4B-00C04F79EFBC}") = "Logs", "Logs\Logs.csproj", "{B8EC4DAE-172D-42EC-B1DC-E861A34E1E30}"
EndProject
Global
	GlobalSection(SolutionConfigurationPlatforms) = preSolution
		Debug|Any CPU = Debug|Any CPU
		Release|Any CPU = Release|Any CPU
	EndGlobalSection
	GlobalSection(ProjectConfigurationPlatforms) = postSolution
		{8FBF27FB-A4F2-4133-A9AC-90EB2F0416D4}.Debug|Any CPU.ActiveCfg = Debug|Any CPU
		{8FBF27FB-A4F2-4133-A9AC-90EB2F0416D4}.Debug|Any CPU.Build.0 = Debug|Any CPU
		{8FBF27FB-A4F2-4133-A9AC-90EB2F0416D4}.Release|Any CPU.ActiveCfg = Release|Any CPU
		{8FBF27FB-A4F2-4133-A9AC-90EB2F0416D4}.Release|Any CPU.Build.0 = Release|Any CPU
		{B8EC4DAE-172D-42EC-B1DC-E861A34E1E30}.Debug|Any CPU.ActiveCfg = Debug|Any CPU
		{B8EC4DAE-172D-42EC-B1DC-E861A34E1E30}.Debug|Any CPU.Build.0 = Debug|Any CPU
		{B8EC4DAE-172D-42EC-B1DC-E861A34E1E30}.Release|Any CPU.ActiveCfg = Release|Any CPU
		{B8EC4DAE-172D-42EC-B1DC-E861A34E1E30}.Release|Any CPU.Build.0 = Release|Any CPU
	EndGlobalSection
	GlobalSection(SolutionProperties) = preSolution
		HideSolutionNode = FALSE
	EndGlobalSection
	GlobalSection(ExtensibilityGlobals) = postSolution
		SolutionGuid = {3689E4FE-C9C6-4E64-A72F-6C2B896AD30B}
	EndGlobalSection
EndGlobal
